
Microsoft Visual Studio Solution File, Format Version 12.00
# Visual Studio Version 16
VisualStudioVersion = 16.0.31424.327
MinimumVisualStudioVersion = 10.0.40219.1
Project("{FAE04EC0-301F-11D3-BF4B-00C04F79EFBC}") = "Uno", "Uno\Uno.csproj", "{B7904DBF-EC4D-443B-A4D7-169703FCC2B2}"
EndProject
Global
	GlobalSection(SolutionConfigurationPlatforms) = preSolution
		Debug|Any CPU = Debug|Any CPU
		Release|Any CPU = Release|Any CPU
	EndGlobalSection
	GlobalSection(ProjectConfigurationPlatforms) = postSolution
		{B7904DBF-EC4D-443B-A4D7-169703FCC2B2}.Debug|Any CPU.ActiveCfg = Debug|Any CPU
		{B7904DBF-EC4D-443B-A4D7-169703FCC2B2}.Debug|Any CPU.Build.0 = Debug|Any CPU
		{B7904DBF-EC4D-443B-A4D7-169703FCC2B2}.Release|Any CPU.ActiveCfg = Release|Any CPU
		{B7904DBF-EC4D-443B-A4D7-169703FCC2B2}.Release|Any CPU.Build.0 = Release|Any CPU
	EndGlobalSection
	GlobalSection(SolutionProperties) = preSolution
		HideSolutionNode = FALSE
	EndGlobalSection
	GlobalSection(ExtensibilityGlobals) = postSolution
		SolutionGuid = {4163D5FF-AD73-49D0-A912-D3569D81E010}
	EndGlobalSection
EndGlobal
